{
    "_meta": {
        "hash": {
            "sha256": "f5fd9cba487da98cec3e71383cca52de419707dc415c93bce1200386f75af825"
        },
        "pipfile-spec": 6,
        "requires": {
            "python_version": "3.9"
        },
        "sources": [
            {
                "name": "pypi",
                "url": "https://pypi.org/simple",
                "verify_ssl": true
            }
        ]
    },
    "default": {
        "altgraph": {
            "hashes": [
                "sha256:1f05a47122542f97028caf78775a095fbe6a2699b5089de8477eb583167d69aa",
                "sha256:c623e5f3408ca61d4016f23a681b9adb100802ca3e3da5e718915a9e4052cebe"
            ],
            "version": "==0.17"
        },
        "future": {
            "hashes": [
                "sha256:b1bead90b70cf6ec3f0710ae53a525360fa360d306a86583adc6bf83a4db537d"
            ],
            "version": "==0.18.2"
        },
        "pefile": {
            "hashes": [
                "sha256:ed79b2353daa58421459abf4d685953bde0adf9f6e188944f97ba9795f100246"
            ],
            "markers": "sys_platform == 'win32'",
            "version": "==2021.5.24"
        },
        "pillow": {
            "hashes": [
                "sha256:0b2efa07f69dc395d95bb9ef3299f4ca29bcb2157dc615bae0b42c3c20668ffc",
                "sha256:114f816e4f73f9ec06997b2fde81a92cbf0777c9e8f462005550eed6bae57e63",
                "sha256:147bd9e71fb9dcf08357b4d530b5167941e222a6fd21f869c7911bac40b9994d",
                "sha256:15a2808e269a1cf2131930183dcc0419bc77bb73eb54285dde2706ac9939fa8e",
                "sha256:196560dba4da7a72c5e7085fccc5938ab4075fd37fe8b5468869724109812edd",
                "sha256:1c03e24be975e2afe70dfc5da6f187eea0b49a68bb2b69db0f30a61b7031cee4",
                "sha256:1fd5066cd343b5db88c048d971994e56b296868766e461b82fa4e22498f34d77",
                "sha256:29c9569049d04aaacd690573a0398dbd8e0bf0255684fee512b413c2142ab723",
                "sha256:2b6dfa068a8b6137da34a4936f5a816aba0ecc967af2feeb32c4393ddd671cba",
                "sha256:2cac53839bfc5cece8fdbe7f084d5e3ee61e1303cccc86511d351adcb9e2c792",
                "sha256:2ee77c14a0299d0541d26f3d8500bb57e081233e3fa915fa35abd02c51fa7fae",
                "sha256:37730f6e68bdc6a3f02d2079c34c532330d206429f3cee651aab6b66839a9f0e",
                "sha256:3f08bd8d785204149b5b33e3b5f0ebbfe2190ea58d1a051c578e29e39bfd2367",
                "sha256:479ab11cbd69612acefa8286481f65c5dece2002ffaa4f9db62682379ca3bb77",
                "sha256:4bc3c7ef940eeb200ca65bd83005eb3aae8083d47e8fcbf5f0943baa50726856",
                "sha256:660a87085925c61a0dcc80efb967512ac34dbb256ff7dd2b9b4ee8dbdab58cf4",
                "sha256:67b3666b544b953a2777cb3f5a922e991be73ab32635666ee72e05876b8a92de",
                "sha256:70af7d222df0ff81a2da601fab42decb009dc721545ed78549cb96e3a1c5f0c8",
                "sha256:75e09042a3b39e0ea61ce37e941221313d51a9c26b8e54e12b3ececccb71718a",
                "sha256:8960a8a9f4598974e4c2aeb1bff9bdd5db03ee65fd1fce8adf3223721aa2a636",
                "sha256:9364c81b252d8348e9cc0cb63e856b8f7c1b340caba6ee7a7a65c968312f7dab",
                "sha256:969cc558cca859cadf24f890fc009e1bce7d7d0386ba7c0478641a60199adf79",
                "sha256:9a211b663cf2314edbdb4cf897beeb5c9ee3810d1d53f0e423f06d6ebbf9cd5d",
                "sha256:a17ca41f45cf78c2216ebfab03add7cc350c305c38ff34ef4eef66b7d76c5229",
                "sha256:a2f381932dca2cf775811a008aa3027671ace723b7a38838045b1aee8669fdcf",
                "sha256:a4eef1ff2d62676deabf076f963eda4da34b51bc0517c70239fafed1d5b51500",
                "sha256:c088a000dfdd88c184cc7271bfac8c5b82d9efa8637cd2b68183771e3cf56f04",
                "sha256:c0e0550a404c69aab1e04ae89cca3e2a042b56ab043f7f729d984bf73ed2a093",
                "sha256:c11003197f908878164f0e6da15fce22373ac3fc320cda8c9d16e6bba105b844",
                "sha256:c2a5ff58751670292b406b9f06e07ed1446a4b13ffced6b6cab75b857485cbc8",
                "sha256:c35d09db702f4185ba22bb33ef1751ad49c266534339a5cebeb5159d364f6f82",
                "sha256:c379425c2707078dfb6bfad2430728831d399dc95a7deeb92015eb4c92345eaf",
                "sha256:cc866706d56bd3a7dbf8bac8660c6f6462f2f2b8a49add2ba617bc0c54473d83",
                "sha256:d0da39795049a9afcaadec532e7b669b5ebbb2a9134576ebcc15dd5bdae33cc0",
                "sha256:f156d6ecfc747ee111c167f8faf5f4953761b5e66e91a4e6767e548d0f80129c",
                "sha256:f4ebde71785f8bceb39dcd1e7f06bcc5d5c3cf48b9f69ab52636309387b097c8",
                "sha256:fc214a6b75d2e0ea7745488da7da3c381f41790812988c7a92345978414fad37",
                "sha256:fd7eef578f5b2200d066db1b50c4aa66410786201669fb76d5238b007918fb24",
                "sha256:ff04c373477723430dce2e9d024c708a047d44cf17166bf16e604b379bf0ca14"
            ],
            "version": "==8.3.1"
        },
        "pyinstaller": {
            "hashes": [
                "sha256:0e802c082487719aab6b2a93575819944c008e6e1ba44c7836fc45660a9586c0",
                "sha256:2cfef29a878fc54040e2287c19ea4bdc667f473b59918fcb51a1e68366ecb814",
                "sha256:2ef691eeb360073075b6c355535a15dcdedac28d2ecc8448d34bce671ec2dff4",
                "sha256:4485046ca929e15f6a2db746ce183c14e1fc3c1e8d2102aad8f1403b25d9ebdf",
                "sha256:af3ef0b9f265a2d3859357a25ab16743fbb6143c89fd7c3570cb84b8d24db0ba",
                "sha256:b0f13d0a33b9a21659967db65b475c14645b456dc70ba68fa9cebf4bc29ef58e",
                "sha256:d0b35f885650b9dc69072adf948b608bcb506c5256dd7f0d0967c1f177bb41b1"
            ],
            "index": "pypi",
            "version": "==4.4"
        },
        "pyinstaller-hooks-contrib": {
            "hashes": [
                "sha256:57964f93eb69255c49159ffdf052aae893feed223b0f69773dfd010ca6c569d9",
                "sha256:7f5d0689b30da3092149fc536a835a94045ac8c9f0e6dfb23ac171890f5ea8f2"
            ],
            "version": "==2021.2"
        },
        "pyqt5": {
            "hashes": [
                "sha256:213bebd51821ed89b4d5b35bb10dbe67564228b3568f463a351a08e8b1677025",
                "sha256:2a69597e0dd11caabe75fae133feca66387819fc9bc050f547e5551bce97e5be",
                "sha256:883a549382fc22d29a0568f3ef20b38c8e7ab633a59498ac4eb63a3bf36d3fd3",
                "sha256:8c0848ba790a895801d5bfd171da31cad3e551dbcc4e59677a3b622de2ceca98",
                "sha256:a88526a271e846e44779bb9ad7a738c6d3c4a9d01e15a128ecfc6dd4696393b7"
            ],
            "index": "pypi",
            "version": "==5.15.4"
        },
        "pyqt5-qt5": {
            "hashes": [
                "sha256:1988f364ec8caf87a6ee5d5a3a5210d57539988bf8e84714c7d60972692e2f4a",
                "sha256:750b78e4dba6bdf1607febedc08738e318ea09e9b10aea9ff0d73073f11f6962",
                "sha256:76980cd3d7ae87e3c7a33bfebfaee84448fd650bad6840471d6cae199b56e154",
                "sha256:9cc7a768b1921f4b982ebc00a318ccb38578e44e45316c7a4a850e953e1dd327"
            ],
            "version": "==5.15.2"
        },
        "pyqt5-sip": {
            "hashes": [
                "sha256:055581c6fed44ba4302b70eeb82e979ff70400037358908f251cd85cbb3dbd93",
                "sha256:42274a501ab4806d2c31659170db14c282b8313d2255458064666d9e70d96206",
                "sha256:4347bd81d30c8e3181e553b3734f91658cfbdd8f1a19f254777f906870974e6d",
                "sha256:4f8e05fe01d54275877c59018d8e82dcdd0bc5696053a8b830eecea3ce806121",
                "sha256:69a3ad4259172e2b1aa9060de211efac39ddd734a517b1924d9c6c0cc4f55f96",
                "sha256:6a8701892a01a5a2a4720872361197cc80fdd5f49c8482d488ddf38c9c84f055",
                "sha256:83c3220b1ca36eb8623ba2eb3766637b19eb0ce9f42336ad8253656d32750c0a",
                "sha256:a25b9843c7da6a1608f310879c38e6434331aab1dc2fe6cb65c14f1ecf33780e",
                "sha256:ac57d796c78117eb39edd1d1d1aea90354651efac9d3590aac67fa4983f99f1f",
                "sha256:b09f4cd36a4831229fb77c424d89635fa937d97765ec90685e2f257e56a2685a",
                "sha256:c446971c360a0a1030282a69375a08c78e8a61d568bfd6dab3dcc5cf8817f644",
                "sha256:c5216403d4d8d857ec4a61f631d3945e44fa248aa2415e9ee9369ab7c8a4d0c7",
                "sha256:d3e4489d7c2b0ece9d203ae66e573939f7f60d4d29e089c9f11daa17cfeaae32",
                "sha256:d85002238b5180bce4b245c13d6face848faa1a7a9e5c6e292025004f2fd619a",
                "sha256:d8b2bdff7bbf45bc975c113a03b14fd669dc0c73e1327f02706666a7dd51a197",
                "sha256:dd05c768c2b55ffe56a9d49ce6cc77cdf3d53dbfad935258a9e347cbfd9a5850",
                "sha256:fc43f2d7c438517ee33e929e8ae77132749c15909afab6aeece5fcf4147ffdb5"
            ],
            "version": "==12.9.0"
        },
        "pywin32": {
            "hashes": [
                "sha256:595d397df65f1b2e0beaca63a883ae6d8b6df1cdea85c16ae85f6d2e648133fe",
                "sha256:87604a4087434cd814ad8973bd47d6524bd1fa9e971ce428e76b62a5e0860fdf",
                "sha256:88981dd3cfb07432625b180f49bf4e179fb8cbb5704cd512e38dd63636af7a17",
                "sha256:8c9d33968aa7fcddf44e47750e18f3d034c3e443a707688a008a2e52bbef7e96",
                "sha256:93367c96e3a76dfe5003d8291ae16454ca7d84bb24d721e0b74a07610b7be4a7",
                "sha256:9635df6998a70282bd36e7ac2a5cef9ead1627b0a63b17c731312c7a0daebb72",
                "sha256:98f62a3f60aa64894a290fb7494bfa0bfa0a199e9e052e1ac293b2ad3cd2818b",
                "sha256:c866f04a182a8cb9b7855de065113bbd2e40524f570db73ef1ee99ff0a5cc2f0",
                "sha256:dafa18e95bf2a92f298fe9c582b0e205aca45c55f989937c52c454ce65b93c78",
                "sha256:fb3b4933e0382ba49305cc6cd3fb18525df7fd96aa434de19ce0878133bf8e4a"
            ],
            "index": "pypi",
            "version": "==301"
        },
        "pywin32-ctypes": {
            "hashes": [
                "sha256:24ffc3b341d457d48e8922352130cf2644024a4ff09762a2261fd34c36ee5942",
                "sha256:9dc2d991b3479cc2df15930958b674a48a227d5361d413827a4cfd0b5876fc98"
            ],
            "markers": "sys_platform == 'win32'",
            "version": "==0.2.0"
        },
        "reportlab": {
            "hashes": [
                "sha256:010f86a192c397f7c8ae667953a85d913395a8a6a8da112bff1c1ea28e679bcd",
                "sha256:08b53568979228b6969b790339d06a0b8db8883f92ae7339013f9878042dd9ca",
                "sha256:19708801278f600d712c04ee6bfb650e45d1b2898713f7bd97b39ab89bd08c1e",
                "sha256:28c72d27f21d74a7301789c7950b5e82a430ed38817ecee060fa1f2f3e959360",
                "sha256:2c0c88a7cf83a20a2bb355f97a1a9d0373a6de60c3aec35d301d3cc75dc4bb72",
                "sha256:2dc5ee0c5b659697cdfbc218ec9abea54dd9c5a95ea8ca95245fe94f5ef111f9",
                "sha256:332f836ff4c975c92d307302e86a54d6f0e3d2ce33a35759812e7a1d17e2091f",
                "sha256:45113c1c359ba314499032c891487802cccd7c4225a3e930d6cf492d62ea4f07",
                "sha256:46f15f5a34a50375c332ab8eaa907a0212c88787b0885ac25a9505c0741ee9ba",
                "sha256:580eed6d9e5c20870ea909bec6840f9ceb9d13c33316d448cae21eb3ca47c7fd",
                "sha256:5865c4247229584408515055b5b19c7f935ae94433d6258c7a9234c4a07d6d34",
                "sha256:6063466779e438375bcdd2c15fc551ebd68f16ebfb2766497234df9cfa57e5b1",
                "sha256:63578cab96fc4383e71dd9fe1877bb26ab78b2a6c91139068e99d130687289ab",
                "sha256:66b5a08cbeb910edee7201efa786bd1bf7027c7ec526dddf7d60fc2252e2b30f",
                "sha256:6b448a1824d381d282c5ea1da1669a5fa53dac67c57a1ecad6bcc149f286d1fd",
                "sha256:6f905390f5e5801b21b6027c8ffaed915e5eec1e46bbdf6a74c8838213717b44",
                "sha256:70e7461aa47eff810be8c4e4a0cbc6fcf47aecaddd46de6ca4524c76065f8490",
                "sha256:7e466276f1a1121dac23b703af6c22db0cedf6cec5139969f8387e8d8046f203",
                "sha256:81d1958d90fccf86f62b38ecbedf9208a973d99e0747b6cd75036914ae8641c4",
                "sha256:9a00feb8eafbce1283cd3edbb29735bd40c9566b3f45913110a301700c16b63a",
                "sha256:a48221d4ab7de37975ad052f7e565cf13ab708def63f203a38ae9927ab5442cd",
                "sha256:ad9a49890de59e8dd16fa0ce03ef607e46a5ff2f39de44f8556f796b3d4ddffb",
                "sha256:b25608059558910585a9e229bae0fd3d67af49ae5e1c7a20057680c6b3d5f6f7",
                "sha256:b57ebeb28f7a58a9da6f8c293acb6d31d89f634b3eba0b728a040cef08afc4ea",
                "sha256:b9ae0c534c09274b80f8fd87408071c1f814d56c5f51fe450b2157f1f13e921b",
                "sha256:c0612d9101f40679245e7d9edb169d8d79378a47f38cd8e6b38c55d7ff31db3f",
                "sha256:ced16daf89f948eeb4e376b5d814da5d99f7205fbd42e17a96f257e35dc31bdd",
                "sha256:dd3409ebabe699c98058690b7b730f93e6b0bd4ed5e49ca3b15e1530ae07b40b",
                "sha256:efef6a97e3ab49f3f40037dbf9a4166668a17cc6aaba13d5ecbabdf854a9b332"
            ],
            "index": "pypi",
            "version": "==3.5.68"
        }
    },
    "develop": {}
}
